// !$*UTF8*$!
{
	archiveVersion = 1;
	classes = {
	};
	objectVersion = 50;
	objects = {

/* Begin PBXBuildFile section */
		9233F770226B732800F6F218 /* HDFalcon.m in Sources */ = {isa = PBXBuildFile; fileRef = 9233F76F226B732800F6F218 /* HDFalcon.m */; };
		9284D92D225BABC00091B11D /* AppDelegate.m in Sources */ = {isa = PBXBuildFile; fileRef = 9284D92C225BABC00091B11D /* AppDelegate.m */; };
		9284D930225BABC00091B11D /* ViewController.m in Sources */ = {isa = PBXBuildFile; fileRef = 9284D92F225BABC00091B11D /* ViewController.m */; };
		9284D935225BABC20091B11D /* Assets.xcassets in Resources */ = {isa = PBXBuildFile; fileRef = 9284D934225BABC20091B11D /* Assets.xcassets */; };
		9284D938225BABC20091B11D /* LaunchScreen.storyboard in Resources */ = {isa = PBXBuildFile; fileRef = 9284D936225BABC20091B11D /* LaunchScreen.storyboard */; };
		9284D93B225BABC20091B11D /* main.m in Sources */ = {isa = PBXBuildFile; fileRef = 9284D93A225BABC20091B11D /* main.m */; };
		9284D945225BABC20091B11D /* FirstAppTests.m in Sources */ = {isa = PBXBuildFile; fileRef = 9284D944225BABC20091B11D /* FirstAppTests.m */; };
		9284D950225BABC20091B11D /* FirstAppUITests.m in Sources */ = {isa = PBXBuildFile; fileRef = 9284D94F225BABC20091B11D /* FirstAppUITests.m */; };
		9284D95F225BAE9B0091B11D /* HDStack.m in Sources */ = {isa = PBXBuildFile; fileRef = 9284D95E225BAE9B0091B11D /* HDStack.m */; };
		9284D962225BAF1E0091B11D /* HDQueue.m in Sources */ = {isa = PBXBuildFile; fileRef = 9284D961225BAF1D0091B11D /* HDQueue.m */; };
		9284D964225D47420091B11D /* Main.storyboard in Resources */ = {isa = PBXBuildFile; fileRef = 9284D963225D47420091B11D /* Main.storyboard */; };
		9284D967225D496F0091B11D /* Second.storyboard in Resources */ = {isa = PBXBuildFile; fileRef = 9284D965225D496F0091B11D /* Second.storyboard */; };
		9284D96A225D4D230091B11D /* SecondViewController.m in Sources */ = {isa = PBXBuildFile; fileRef = 9284D969225D4D230091B11D /* SecondViewController.m */; };
/* End PBXBuildFile section */

/* Begin PBXContainerItemProxy section */
		9284D941225BABC20091B11D /* PBXContainerItemProxy */ = {
			isa = PBXContainerItemProxy;
			containerPortal = 9284D920225BABC00091B11D /* Project object */;
			proxyType = 1;
			remoteGlobalIDString = 9284D927225BABC00091B11D;
			remoteInfo = FirstApp;
		};
		9284D94C225BABC20091B11D /* PBXContainerItemProxy */ = {
			isa = PBXContainerItemProxy;
			containerPortal = 9284D920225BABC00091B11D /* Project object */;
			proxyType = 1;
			remoteGlobalIDString = 9284D927225BABC00091B11D;
			remoteInfo = FirstApp;
		};
/* End PBXContainerItemProxy section */

/* Begin PBXFileReference section */
		9233F76B226B699D00F6F218 /* HDAnimal.h */ = {isa = PBXFileReference; lastKnownFileType = sourcecode.c.h; path = HDAnimal.h; sourceTree = "<group>"; };
		9233F76C226B6B5D00F6F218 /* HDBird.h */ = {isa = PBXFileReference; lastKnownFileType = sourcecode.c.h; path = HDBird.h; sourceTree = "<group>"; };
		9233F76D226B70F200F6F218 /* HDPredator.h */ = {isa = PBXFileReference; lastKnownFileType = sourcecode.c.h; path = HDPredator.h; sourceTree = "<group>"; };
		9233F76E226B722600F6F218 /* HDFalcon.h */ = {isa = PBXFileReference; lastKnownFileType = sourcecode.c.h; path = HDFalcon.h; sourceTree = "<group>"; };
		9233F76F226B732800F6F218 /* HDFalcon.m */ = {isa = PBXFileReference; lastKnownFileType = sourcecode.c.objc; path = HDFalcon.m; sourceTree = "<group>"; };
		9284D928225BABC00091B11D /* FirstApp.app */ = {isa = PBXFileReference; explicitFileType = wrapper.application; includeInIndex = 0; path = FirstApp.app; sourceTree = BUILT_PRODUCTS_DIR; };
		9284D92B225BABC00091B11D /* AppDelegate.h */ = {isa = PBXFileReference; lastKnownFileType = sourcecode.c.h; path = AppDelegate.h; sourceTree = "<group>"; };
		9284D92C225BABC00091B11D /* AppDelegate.m */ = {isa = PBXFileReference; lastKnownFileType = sourcecode.c.objc; path = AppDelegate.m; sourceTree = "<group>"; };
		9284D92E225BABC00091B11D /* ViewController.h */ = {isa = PBXFileReference; lastKnownFileType = sourcecode.c.h; path = ViewController.h; sourceTree = "<group>"; };
		9284D92F225BABC00091B11D /* ViewController.m */ = {isa = PBXFileReference; lastKnownFileType = sourcecode.c.objc; path = ViewController.m; sourceTree = "<group>"; };
		9284D934225BABC20091B11D /* Assets.xcassets */ = {isa = PBXFileReference; lastKnownFileType = folder.assetcatalog; path = Assets.xcassets; sourceTree = "<group>"; };
		9284D937225BABC20091B11D /* Base */ = {isa = PBXFileReference; lastKnownFileType = file.storyboard; name = Base; path = Base.lproj/LaunchScreen.storyboard; sourceTree = "<group>"; };
		9284D939225BABC20091B11D /* Info.plist */ = {isa = PBXFileReference; lastKnownFileType = text.plist.xml; path = Info.plist; sourceTree = "<group>"; };
		9284D93A225BABC20091B11D /* main.m */ = {isa = PBXFileReference; lastKnownFileType = sourcecode.c.objc; path = main.m; sourceTree = "<group>"; };
		9284D940225BABC20091B11D /* FirstAppTests.xctest */ = {isa = PBXFileReference; explicitFileType = wrapper.cfbundle; includeInIndex = 0; path = FirstAppTests.xctest; sourceTree = BUILT_PRODUCTS_DIR; };
		9284D944225BABC20091B11D /* FirstAppTests.m */ = {isa = PBXFileReference; lastKnownFileType = sourcecode.c.objc; path = FirstAppTests.m; sourceTree = "<group>"; };
		9284D946225BABC20091B11D /* Info.plist */ = {isa = PBXFileReference; lastKnownFileType = text.plist.xml; path = Info.plist; sourceTree = "<group>"; };
		9284D94B225BABC20091B11D /* FirstAppUITests.xctest */ = {isa = PBXFileReference; explicitFileType = wrapper.cfbundle; includeInIndex = 0; path = FirstAppUITests.xctest; sourceTree = BUILT_PRODUCTS_DIR; };
		9284D94F225BABC20091B11D /* FirstAppUITests.m */ = {isa = PBXFileReference; lastKnownFileType = sourcecode.c.objc; path = FirstAppUITests.m; sourceTree = "<group>"; };
		9284D951225BABC20091B11D /* Info.plist */ = {isa = PBXFileReference; lastKnownFileType = text.plist.xml; path = Info.plist; sourceTree = "<group>"; };
		9284D95D225BAE4F0091B11D /* HDStack.h */ = {isa = PBXFileReference; lastKnownFileType = sourcecode.c.h; path = HDStack.h; sourceTree = "<group>"; };
		9284D95E225BAE9B0091B11D /* HDStack.m */ = {isa = PBXFileReference; lastKnownFileType = sourcecode.c.objc; path = HDStack.m; sourceTree = "<group>"; };
		9284D960225BAEF10091B11D /* HDQueue.h */ = {isa = PBXFileReference; lastKnownFileType = sourcecode.c.h; path = HDQueue.h; sourceTree = "<group>"; };
		9284D961225BAF1D0091B11D /* HDQueue.m */ = {isa = PBXFileReference; lastKnownFileType = sourcecode.c.objc; path = HDQueue.m; sourceTree = "<group>"; };
		9284D963225D47420091B11D /* Main.storyboard */ = {isa = PBXFileReference; lastKnownFileType = file.storyboard; name = Main.storyboard; path = Base.lproj/Main.storyboard; sourceTree = "<group>"; };
		9284D966225D496F0091B11D /* Base */ = {isa = PBXFileReference; lastKnownFileType = file.storyboard; name = Base; path = Base.lproj/Second.storyboard; sourceTree = "<group>"; };
		9284D968225D4CDA0091B11D /* SecondViewController.h */ = {isa = PBXFileReference; lastKnownFileType = sourcecode.c.h; path = SecondViewController.h; sourceTree = "<group>"; };
		9284D969225D4D230091B11D /* SecondViewController.m */ = {isa = PBXFileReference; lastKnownFileType = sourcecode.c.objc; path = SecondViewController.m; sourceTree = "<group>"; };
/* End PBXFileReference section */

/* Begin PBXFrameworksBuildPhase section */
		9284D925225BABC00091B11D /* Frameworks */ = {
			isa = PBXFrameworksBuildPhase;
			buildActionMask = 2147483647;
			files = (
			);
			runOnlyForDeploymentPostprocessing = 0;
		};
		9284D93D225BABC20091B11D /* Frameworks */ = {
			isa = PBXFrameworksBuildPhase;
			buildActionMask = 2147483647;
			files = (
			);
			runOnlyForDeploymentPostprocessing = 0;
		};
		9284D948225BABC20091B11D /* Frameworks */ = {
			isa = PBXFrameworksBuildPhase;
			buildActionMask = 2147483647;
			files = (
			);
			runOnlyForDeploymentPostprocessing = 0;
		};
/* End PBXFrameworksBuildPhase section */

/* Begin PBXGroup section */
		9284D91F225BABC00091B11D = {
			isa = PBXGroup;
			children = (
				9284D92A225BABC00091B11D /* FirstApp */,
				9284D943225BABC20091B11D /* FirstAppTests */,
				9284D94E225BABC20091B11D /* FirstAppUITests */,
				9284D929225BABC00091B11D /* Products */,
			);
			sourceTree = "<group>";
		};
		9284D929225BABC00091B11D /* Products */ = {
			isa = PBXGroup;
			children = (
				9284D928225BABC00091B11D /* FirstApp.app */,
				9284D940225BABC20091B11D /* FirstAppTests.xctest */,
				9284D94B225BABC20091B11D /* FirstAppUITests.xctest */,
			);
			name = Products;
			sourceTree = "<group>";
		};
		9284D92A225BABC00091B11D /* FirstApp */ = {
			isa = PBXGroup;
			children = (
				9284D960225BAEF10091B11D /* HDQueue.h */,
				9284D961225BAF1D0091B11D /* HDQueue.m */,
				9284D95D225BAE4F0091B11D /* HDStack.h */,
				9284D95E225BAE9B0091B11D /* HDStack.m */,
				9284D92B225BABC00091B11D /* AppDelegate.h */,
				9284D92C225BABC00091B11D /* AppDelegate.m */,
				9284D92E225BABC00091B11D /* ViewController.h */,
				9284D92F225BABC00091B11D /* ViewController.m */,
				9284D968225D4CDA0091B11D /* SecondViewController.h */,
				9284D969225D4D230091B11D /* SecondViewController.m */,
				9284D963225D47420091B11D /* Main.storyboard */,
				9284D965225D496F0091B11D /* Second.storyboard */,
				9284D934225BABC20091B11D /* Assets.xcassets */,
				9284D936225BABC20091B11D /* LaunchScreen.storyboard */,
				9284D939225BABC20091B11D /* Info.plist */,
				9284D93A225BABC20091B11D /* main.m */,
				9233F76B226B699D00F6F218 /* HDAnimal.h */,
				9233F76E226B722600F6F218 /* HDFalcon.h */,
				9233F76F226B732800F6F218 /* HDFalcon.m */,
				9233F76D226B70F200F6F218 /* HDPredator.h */,
				9233F76C226B6B5D00F6F218 /* HDBird.h */,
			);
			path = FirstApp;
			sourceTree = "<group>";
		};
		9284D943225BABC20091B11D /* FirstAppTests */ = {
			isa = PBXGroup;
			children = (
				9284D944225BABC20091B11D /* FirstAppTests.m */,
				9284D946225BABC20091B11D /* Info.plist */,
			);
			path = FirstAppTests;
			sourceTree = "<group>";
		};
		9284D94E225BABC20091B11D /* FirstAppUITests */ = {
			isa = PBXGroup;
			children = (
				9284D94F225BABC20091B11D /* FirstAppUITests.m */,
				9284D951225BABC20091B11D /* Info.plist */,
			);
			path = FirstAppUITests;
			sourceTree = "<group>";
		};
/* End PBXGroup section */

/* Begin PBXNativeTarget section */
		9284D927225BABC00091B11D /* FirstApp */ = {
			isa = PBXNativeTarget;
			buildConfigurationList = 9284D954225BABC20091B11D /* Build configuration list for PBXNativeTarget "FirstApp" */;
			buildPhases = (
				9284D924225BABC00091B11D /* Sources */,
				9284D925225BABC00091B11D /* Frameworks */,
				9284D926225BABC00091B11D /* Resources */,
			);
			buildRules = (
			);
			dependencies = (
			);
			name = FirstApp;
			productName = FirstApp;
			productReference = 9284D928225BABC00091B11D /* FirstApp.app */;
			productType = "com.apple.product-type.application";
		};
		9284D93F225BABC20091B11D /* FirstAppTests */ = {
			isa = PBXNativeTarget;
			buildConfigurationList = 9284D957225BABC20091B11D /* Build configuration list for PBXNativeTarget "FirstAppTests" */;
			buildPhases = (
				9284D93C225BABC20091B11D /* Sources */,
				9284D93D225BABC20091B11D /* Frameworks */,
				9284D93E225BABC20091B11D /* Resources */,
			);
			buildRules = (
			);
			dependencies = (
				9284D942225BABC20091B11D /* PBXTargetDependency */,
			);
			name = FirstAppTests;
			productName = FirstAppTests;
			productReference = 9284D940225BABC20091B11D /* FirstAppTests.xctest */;
			productType = "com.apple.product-type.bundle.unit-test";
		};
		9284D94A225BABC20091B11D /* FirstAppUITests */ = {
			isa = PBXNativeTarget;
			buildConfigurationList = 9284D95A225BABC20091B11D /* Build configuration list for PBXNativeTarget "FirstAppUITests" */;
			buildPhases = (
				9284D947225BABC20091B11D /* Sources */,
				9284D948225BABC20091B11D /* Frameworks */,
				9284D949225BABC20091B11D /* Resources */,
			);
			buildRules = (
			);
			dependencies = (
				9284D94D225BABC20091B11D /* PBXTargetDependency */,
			);
			name = FirstAppUITests;
			productName = FirstAppUITests;
			productReference = 9284D94B225BABC20091B11D /* FirstAppUITests.xctest */;
			productType = "com.apple.product-type.bundle.ui-testing";
		};
/* End PBXNativeTarget section */

/* Begin PBXProject section */
		9284D920225BABC00091B11D /* Project object */ = {
			isa = PBXProject;
			attributes = {
				LastUpgradeCheck = 1020;
				ORGANIZATIONNAME = "Denis Khazhiev";
				TargetAttributes = {
					9284D927225BABC00091B11D = {
						CreatedOnToolsVersion = 10.2;
					};
					9284D93F225BABC20091B11D = {
						CreatedOnToolsVersion = 10.2;
						TestTargetID = 9284D927225BABC00091B11D;
					};
					9284D94A225BABC20091B11D = {
						CreatedOnToolsVersion = 10.2;
						TestTargetID = 9284D927225BABC00091B11D;
					};
				};
			};
			buildConfigurationList = 9284D923225BABC00091B11D /* Build configuration list for PBXProject "FirstApp" */;
			compatibilityVersion = "Xcode 9.3";
			developmentRegion = en;
			hasScannedForEncodings = 0;
			knownRegions = (
				en,
				Base,
			);
			mainGroup = 9284D91F225BABC00091B11D;
			productRefGroup = 9284D929225BABC00091B11D /* Products */;
			projectDirPath = "";
			projectRoot = "";
			targets = (
				9284D927225BABC00091B11D /* FirstApp */,
				9284D93F225BABC20091B11D /* FirstAppTests */,
				9284D94A225BABC20091B11D /* FirstAppUITests */,
			);
		};
/* End PBXProject section */

/* Begin PBXResourcesBuildPhase section */
		9284D926225BABC00091B11D /* Resources */ = {
			isa = PBXResourcesBuildPhase;
			buildActionMask = 2147483647;
			files = (
				9284D967225D496F0091B11D /* Second.storyboard in Resources */,
				9284D938225BABC20091B11D /* LaunchScreen.storyboard in Resources */,
				9284D935225BABC20091B11D /* Assets.xcassets in Resources */,
				9284D964225D47420091B11D /* Main.storyboard in Resources */,
			);
			runOnlyForDeploymentPostprocessing = 0;
		};
		9284D93E225BABC20091B11D /* Resources */ = {
			isa = PBXResourcesBuildPhase;
			buildActionMask = 2147483647;
			files = (
			);
			runOnlyForDeploymentPostprocessing = 0;
		};
		9284D949225BABC20091B11D /* Resources */ = {
			isa = PBXResourcesBuildPhase;
			buildActionMask = 2147483647;
			files = (
			);
			runOnlyForDeploymentPostprocessing = 0;
		};
/* End PBXResourcesBuildPhase section */

/* Begin PBXSourcesBuildPhase section */
		9284D924225BABC00091B11D /* Sources */ = {
			isa = PBXSourcesBuildPhase;
			buildActionMask = 2147483647;
			files = (
				9284D96A225D4D230091B11D /* SecondViewController.m in Sources */,
				9284D930225BABC00091B11D /* ViewController.m in Sources */,
				9284D93B225BABC20091B11D /* main.m in Sources */,
				9284D962225BAF1E0091B11D /* HDQueue.m in Sources */,
				9233F770226B732800F6F218 /* HDFalcon.m in Sources */,
				9284D95F225BAE9B0091B11D /* HDStack.m in Sources */,
				9284D92D225BABC00091B11D /* AppDelegate.m in Sources */,
			);
			runOnlyForDeploymentPostprocessing = 0;
		};
		9284D93C225BABC20091B11D /* Sources */ = {
			isa = PBXSourcesBuildPhase;
			buildActionMask = 2147483647;
			files = (
				9284D945225BABC20091B11D /* FirstAppTests.m in Sources */,
			);
			runOnlyForDeploymentPostprocessing = 0;
		};
		9284D947225BABC20091B11D /* Sources */ = {
			isa = PBXSourcesBuildPhase;
			buildActionMask = 2147483647;
			files = (
				9284D950225BABC20091B11D /* FirstAppUITests.m in Sources */,
			);
			runOnlyForDeploymentPostprocessing = 0;
		};
/* End PBXSourcesBuildPhase section */

/* Begin PBXTargetDependency section */
		9284D942225BABC20091B11D /* PBXTargetDependency */ = {
			isa = PBXTargetDependency;
			target = 9284D927225BABC00091B11D /* FirstApp */;
			targetProxy = 9284D941225BABC20091B11D /* PBXContainerItemProxy */;
		};
		9284D94D225BABC20091B11D /* PBXTargetDependency */ = {
			isa = PBXTargetDependency;
			target = 9284D927225BABC00091B11D /* FirstApp */;
			targetProxy = 9284D94C225BABC20091B11D /* PBXContainerItemProxy */;
		};
/* End PBXTargetDependency section */

/* Begin PBXVariantGroup section */
		9284D936225BABC20091B11D /* LaunchScreen.storyboard */ = {
			isa = PBXVariantGroup;
			children = (
				9284D937225BABC20091B11D /* Base */,
			);
			name = LaunchScreen.storyboard;
			sourceTree = "<group>";
		};
		9284D965225D496F0091B11D /* Second.storyboard */ = {
			isa = PBXVariantGroup;
			children = (
				9284D966225D496F0091B11D /* Base */,
			);
			name = Second.storyboard;
			sourceTree = "<group>";
		};
/* End PBXVariantGroup section */

/* Begin XCBuildConfiguration section */
		9284D952225BABC20091B11D /* Debug */ = {
			isa = XCBuildConfiguration;
			buildSettings = {
				ALWAYS_SEARCH_USER_PATHS = NO;
				CLANG_ANALYZER_NONNULL = YES;
				CLANG_ANALYZER_NUMBER_OBJECT_CONVERSION = YES_AGGRESSIVE;
				CLANG_CXX_LANGUAGE_STANDARD = "gnu++14";
				CLANG_CXX_LIBRARY = "libc++";
				CLANG_ENABLE_MODULES = YES;
				CLANG_ENABLE_OBJC_ARC = YES;
				CLANG_ENABLE_OBJC_WEAK = YES;
				CLANG_WARN_BLOCK_CAPTURE_AUTORELEASING = YES;
				CLANG_WARN_BOOL_CONVERSION = YES;
				CLANG_WARN_COMMA = YES;
				CLANG_WARN_CONSTANT_CONVERSION = YES;
				CLANG_WARN_DEPRECATED_OBJC_IMPLEMENTATIONS = YES;
				CLANG_WARN_DIRECT_OBJC_ISA_USAGE = YES_ERROR;
				CLANG_WARN_DOCUMENTATION_COMMENTS = YES;
				CLANG_WARN_EMPTY_BODY = YES;
				CLANG_WARN_ENUM_CONVERSION = YES;
				CLANG_WARN_INFINITE_RECURSION = YES;
				CLANG_WARN_INT_CONVERSION = YES;
				CLANG_WARN_NON_LITERAL_NULL_CONVERSION = YES;
				CLANG_WARN_OBJC_IMPLICIT_RETAIN_SELF = YES;
				CLANG_WARN_OBJC_LITERAL_CONVERSION = YES;
				CLANG_WARN_OBJC_ROOT_CLASS = YES_ERROR;
				CLANG_WARN_RANGE_LOOP_ANALYSIS = YES;
				CLANG_WARN_STRICT_PROTOTYPES = YES;
				CLANG_WARN_SUSPICIOUS_MOVE = YES;
				CLANG_WARN_UNGUARDED_AVAILABILITY = YES_AGGRESSIVE;
				CLANG_WARN_UNREACHABLE_CODE = YES;
				CLANG_WARN__DUPLICATE_METHOD_MATCH = YES;
				CODE_SIGN_IDENTITY = "iPhone Developer";
				COPY_PHASE_STRIP = NO;
				DEBUG_INFORMATION_FORMAT = dwarf;
				ENABLE_STRICT_OBJC_MSGSEND = YES;
				ENABLE_TESTABILITY = YES;
				GCC_C_LANGUAGE_STANDARD = gnu11;
				GCC_DYNAMIC_NO_PIC = NO;
				GCC_NO_COMMON_BLOCKS = YES;
				GCC_OPTIMIZATION_LEVEL = 0;
				GCC_PREPROCESSOR_DEFINITIONS = (
					"DEBUG=1",
					"$(inherited)",
				);
				GCC_WARN_64_TO_32_BIT_CONVERSION = YES;
				GCC_WARN_ABOUT_RETURN_TYPE = YES_ERROR;
				GCC_WARN_UNDECLARED_SELECTOR = YES;
				GCC_WARN_UNINITIALIZED_AUTOS = YES_AGGRESSIVE;
				GCC_WARN_UNUSED_FUNCTION = YES;
				GCC_WARN_UNUSED_VARIABLE = YES;
				IPHONEOS_DEPLOYMENT_TARGET = 12.2;
				MTL_ENABLE_DEBUG_INFO = INCLUDE_SOURCE;
				MTL_FAST_MATH = YES;
				ONLY_ACTIVE_ARCH = YES;
				SDKROOT = iphoneos;
			};
			name = Debug;
		};
		9284D953225BABC20091B11D /* Release */ = {
			isa = XCBuildConfiguration;
			buildSettings = {
				ALWAYS_SEARCH_USER_PATHS = NO;
				CLANG_ANALYZER_NONNULL = YES;
				CLANG_ANALYZER_NUMBER_OBJECT_CONVERSION = YES_AGGRESSIVE;
				CLANG_CXX_LANGUAGE_STANDARD = "gnu++14";
				CLANG_CXX_LIBRARY = "libc++";
				CLANG_ENABLE_MODULES = YES;
				CLANG_ENABLE_OBJC_ARC = YES;
				CLANG_ENABLE_OBJC_WEAK = YES;
				CLANG_WARN_BLOCK_CAPTURE_AUTORELEASING = YES;
				CLANG_WARN_BOOL_CONVERSION = YES;
				CLANG_WARN_COMMA = YES;
				CLANG_WARN_CONSTANT_CONVERSION = YES;
				CLANG_WARN_DEPRECATED_OBJC_IMPLEMENTATIONS = YES;
				CLANG_WARN_DIRECT_OBJC_ISA_USAGE = YES_ERROR;
				CLANG_WARN_DOCUMENTATION_COMMENTS = YES;
				CLANG_WARN_EMPTY_BODY = YES;
				CLANG_WARN_ENUM_CONVERSION = YES;
				CLANG_WARN_INFINITE_RECURSION = YES;
				CLANG_WARN_INT_CONVERSION = YES;
				CLANG_WARN_NON_LITERAL_NULL_CONVERSION = YES;
				CLANG_WARN_OBJC_IMPLICIT_RETAIN_SELF = YES;
				CLANG_WARN_OBJC_LITERAL_CONVERSION = YES;
				CLANG_WARN_OBJC_ROOT_CLASS = YES_ERROR;
				CLANG_WARN_RANGE_LOOP_ANALYSIS = YES;
				CLANG_WARN_STRICT_PROTOTYPES = YES;
				CLANG_WARN_SUSPICIOUS_MOVE = YES;
				CLANG_WARN_UNGUARDED_AVAILABILITY = YES_AGGRESSIVE;
				CLANG_WARN_UNREACHABLE_CODE = YES;
				CLANG_WARN__DUPLICATE_METHOD_MATCH = YES;
				CODE_SIGN_IDENTITY = "iPhone Developer";
				COPY_PHASE_STRIP = NO;
				DEBUG_INFORMATION_FORMAT = "dwarf-with-dsym";
				ENABLE_NS_ASSERTIONS = NO;
				ENABLE_STRICT_OBJC_MSGSEND = YES;
				GCC_C_LANGUAGE_STANDARD = gnu11;
				GCC_NO_COMMON_BLOCKS = YES;
				GCC_WARN_64_TO_32_BIT_CONVERSION = YES;
				GCC_WARN_ABOUT_RETURN_TYPE = YES_ERROR;
				GCC_WARN_UNDECLARED_SELECTOR = YES;
				GCC_WARN_UNINITIALIZED_AUTOS = YES_AGGRESSIVE;
				GCC_WARN_UNUSED_FUNCTION = YES;
				GCC_WARN_UNUSED_VARIABLE = YES;
				IPHONEOS_DEPLOYMENT_TARGET = 12.2;
				MTL_ENABLE_DEBUG_INFO = NO;
				MTL_FAST_MATH = YES;
				SDKROOT = iphoneos;
				VALIDATE_PRODUCT = YES;
			};
			name = Release;
		};
		9284D955225BABC20091B11D /* Debug */ = {
			isa = XCBuildConfiguration;
			buildSettings = {
				ASSETCATALOG_COMPILER_APPICON_NAME = AppIcon;
				CODE_SIGN_STYLE = Automatic;
				DEVELOPMENT_TEAM = YDCM7VS79T;
				INFOPLIST_FILE = FirstApp/Info.plist;
				LD_RUNPATH_SEARCH_PATHS = (
					"$(inherited)",
					"@executable_path/Frameworks",
				);
				PRODUCT_BUNDLE_IDENTIFIER = HD.FirstApp;
				PRODUCT_NAME = "$(TARGET_NAME)";
				TARGETED_DEVICE_FAMILY = "1,2";
			};
			name = Debug;
		};
		9284D956225BABC20091B11D /* Release */ = {
			isa = XCBuildConfiguration;
			buildSettings = {
				ASSETCATALOG_COMPILER_APPICON_NAME = AppIcon;
				CODE_SIGN_STYLE = Automatic;
				DEVELOPMENT_TEAM = YDCM7VS79T;
				INFOPLIST_FILE = FirstApp/Info.plist;
				LD_RUNPATH_SEARCH_PATHS = (
					"$(inherited)",
					"@executable_path/Frameworks",
				);
				PRODUCT_BUNDLE_IDENTIFIER = HD.FirstApp;
				PRODUCT_NAME = "$(TARGET_NAME)";
				TARGETED_DEVICE_FAMILY = "1,2";
			};
			name = Release;
		};
		9284D958225BABC20091B11D /* Debug */ = {
			isa = XCBuildConfiguration;
			buildSettings = {
				BUNDLE_LOADER = "$(TEST_HOST)";
				CODE_SIGN_STYLE = Automatic;
				DEVELOPMENT_TEAM = YDCM7VS79T;
				INFOPLIST_FILE = FirstAppTests/Info.plist;
				LD_RUNPATH_SEARCH_PATHS = (
					"$(inherited)",
					"@executable_path/Frameworks",
					"@loader_path/Frameworks",
				);
				PRODUCT_BUNDLE_IDENTIFIER = HD.FirstAppTests;
				PRODUCT_NAME = "$(TARGET_NAME)";
				TARGETED_DEVICE_FAMILY = "1,2";
				TEST_HOST = "$(BUILT_PRODUCTS_DIR)/FirstApp.app/FirstApp";
			};
			name = Debug;
		};
		9284D959225BABC20091B11D /* Release */ = {
			isa = XCBuildConfiguration;
			buildSettings = {
				BUNDLE_LOADER = "$(TEST_HOST)";
				CODE_SIGN_STYLE = Automatic;
				DEVELOPMENT_TEAM = YDCM7VS79T;
				INFOPLIST_FILE = FirstAppTests/Info.plist;
				LD_RUNPATH_SEARCH_PATHS = (
					"$(inherited)",
					"@executable_path/Frameworks",
					"@loader_path/Frameworks",
				);
				PRODUCT_BUNDLE_IDENTIFIER = HD.FirstAppTests;
				PRODUCT_NAME = "$(TARGET_NAME)";
				TARGETED_DEVICE_FAMILY = "1,2";
				TEST_HOST = "$(BUILT_PRODUCTS_DIR)/FirstApp.app/FirstApp";
			};
			name = Release;
		};
		9284D95B225BABC20091B11D /* Debug */ = {
			isa = XCBuildConfiguration;
			buildSettings = {
				CODE_SIGN_STYLE = Automatic;
				DEVELOPMENT_TEAM = YDCM7VS79T;
				INFOPLIST_FILE = FirstAppUITests/Info.plist;
				LD_RUNPATH_SEARCH_PATHS = (
					"$(inherited)",
					"@executable_path/Frameworks",
					"@loader_path/Frameworks",
				);
				PRODUCT_BUNDLE_IDENTIFIER = HD.FirstAppUITests;
				PRODUCT_NAME = "$(TARGET_NAME)";
				TARGETED_DEVICE_FAMILY = "1,2";
				TEST_TARGET_NAME = FirstApp;
			};
			name = Debug;
		};
		9284D95C225BABC20091B11D /* Release */ = {
			isa = XCBuildConfiguration;
			buildSettings = {
				CODE_SIGN_STYLE = Automatic;
				DEVELOPMENT_TEAM = YDCM7VS79T;
				INFOPLIST_FILE = FirstAppUITests/Info.plist;
				LD_RUNPATH_SEARCH_PATHS = (
					"$(inherited)",
					"@executable_path/Frameworks",
					"@loader_path/Frameworks",
				);
				PRODUCT_BUNDLE_IDENTIFIER = HD.FirstAppUITests;
				PRODUCT_NAME = "$(TARGET_NAME)";
				TARGETED_DEVICE_FAMILY = "1,2";
				TEST_TARGET_NAME = FirstApp;
			};
			name = Release;
		};
/* End XCBuildConfiguration section */

/* Begin XCConfigurationList section */
		9284D923225BABC00091B11D /* Build configuration list for PBXProject "FirstApp" */ = {
			isa = XCConfigurationList;
			buildConfigurations = (
				9284D952225BABC20091B11D /* Debug */,
				9284D953225BABC20091B11D /* Release */,
			);
			defaultConfigurationIsVisible = 0;
			defaultConfigurationName = Release;
		};
		9284D954225BABC20091B11D /* Build configuration list for PBXNativeTarget "FirstApp" */ = {
			isa = XCConfigurationList;
			buildConfigurations = (
				9284D955225BABC20091B11D /* Debug */,
				9284D956225BABC20091B11D /* Release */,
			);
			defaultConfigurationIsVisible = 0;
			defaultConfigurationName = Release;
		};
		9284D957225BABC20091B11D /* Build configuration list for PBXNativeTarget "FirstAppTests" */ = {
			isa = XCConfigurationList;
			buildConfigurations = (
				9284D958225BABC20091B11D /* Debug */,
				9284D959225BABC20091B11D /* Release */,
			);
			defaultConfigurationIsVisible = 0;
			defaultConfigurationName = Release;
		};
		9284D95A225BABC20091B11D /* Build configuration list for PBXNativeTarget "FirstAppUITests" */ = {
			isa = XCConfigurationList;
			buildConfigurations = (
				9284D95B225BABC20091B11D /* Debug */,
				9284D95C225BABC20091B11D /* Release */,
			);
			defaultConfigurationIsVisible = 0;
			defaultConfigurationName = Release;
		};
/* End XCConfigurationList section */
	};
	rootObject = 9284D920225BABC00091B11D /* Project object */;
}
